
Microsoft Visual Studio Solution File, Format Version 12.00
# Visual Studio 15
VisualStudioVersion = 15.0.26403.7
MinimumVisualStudioVersion = 10.0.40219.1
Project("{CC5FD16D-436D-48AD-A40C-5A424C6E3E79}") = "AzureRenapoService", "AzureRenapoService\AzureRenapoService.ccproj", "{8DD090A1-A1A0-4FD9-BB9E-0B476982749F}"
EndProject
Project("{FAE04EC0-301F-11D3-BF4B-00C04F79EFBC}") = "WCFServiceWebRole1", "WCFServiceWebRole1\WCFServiceWebRole1.csproj", "{8CA686E7-9C4C-4945-9B49-037A794E66CA}"
EndProject
Global
	GlobalSection(SolutionConfigurationPlatforms) = preSolution
		Debug|Any CPU = Debug|Any CPU
		Release|Any CPU = Release|Any CPU
	EndGlobalSection
	GlobalSection(ProjectConfigurationPlatforms) = postSolution
		{8DD090A1-A1A0-4FD9-BB9E-0B476982749F}.Debug|Any CPU.ActiveCfg = Debug|Any CPU
		{8DD090A1-A1A0-4FD9-BB9E-0B476982749F}.Debug|Any CPU.Build.0 = Debug|Any CPU
		{8DD090A1-A1A0-4FD9-BB9E-0B476982749F}.Release|Any CPU.ActiveCfg = Release|Any CPU
		{8DD090A1-A1A0-4FD9-BB9E-0B476982749F}.Release|Any CPU.Build.0 = Release|Any CPU
		{8CA686E7-9C4C-4945-9B49-037A794E66CA}.Debug|Any CPU.ActiveCfg = Debug|Any CPU
		{8CA686E7-9C4C-4945-9B49-037A794E66CA}.Debug|Any CPU.Build.0 = Debug|Any CPU
		{8CA686E7-9C4C-4945-9B49-037A794E66CA}.Release|Any CPU.ActiveCfg = Release|Any CPU
		{8CA686E7-9C4C-4945-9B49-037A794E66CA}.Release|Any CPU.Build.0 = Release|Any CPU
	EndGlobalSection
	GlobalSection(SolutionProperties) = preSolution
		HideSolutionNode = FALSE
	EndGlobalSection
EndGlobal
